
Microsoft Visual Studio Solution File, Format Version 12.00
# Visual Studio Version 17
VisualStudioVersion = 17.0.31912.275
MinimumVisualStudioVersion = 10.0.40219.1
Project("{9A19103F-16F7-4668-BE54-9A1E7A4F7556}") = "health_index_app.Server", "health_index_app\Server\health_index_app.Server.csproj", "{F9B77F86-D9A0-4D91-9480-54C448451D85}"
EndProject
Project("{9A19103F-16F7-4668-BE54-9A1E7A4F7556}") = "health_index_app.Client", "health_index_app\Client\health_index_app.Client.csproj", "{3819564C-D649-4319-8E5A-398A3E6A8B59}"
EndProject
Project("{9A19103F-16F7-4668-BE54-9A1E7A4F7556}") = "health_index_app.Shared", "health_index_app\Shared\health_index_app.Shared.csproj", "{994FE706-3913-45B7-9BAC-56767D437333}"
EndProject
Project("{9A19103F-16F7-4668-BE54-9A1E7A4F7556}") = "Test_health_index_app", "Test_health_index_app\Test_health_index_app.csproj", "{28B19183-5F11-4491-97F5-0879C97F04EE}"
EndProject
Global
	GlobalSection(SolutionConfigurationPlatforms) = preSolution
		Debug|Any CPU = Debug|Any CPU
		Release|Any CPU = Release|Any CPU
	EndGlobalSection
	GlobalSection(ProjectConfigurationPlatforms) = postSolution
		{F9B77F86-D9A0-4D91-9480-54C448451D85}.Debug|Any CPU.ActiveCfg = Debug|Any CPU
		{F9B77F86-D9A0-4D91-9480-54C448451D85}.Debug|Any CPU.Build.0 = Debug|Any CPU
		{F9B77F86-D9A0-4D91-9480-54C448451D85}.Release|Any CPU.ActiveCfg = Release|Any CPU
		{F9B77F86-D9A0-4D91-9480-54C448451D85}.Release|Any CPU.Build.0 = Release|Any CPU
		{3819564C-D649-4319-8E5A-398A3E6A8B59}.Debug|Any CPU.ActiveCfg = Debug|Any CPU
		{3819564C-D649-4319-8E5A-398A3E6A8B59}.Debug|Any CPU.Build.0 = Debug|Any CPU
		{3819564C-D649-4319-8E5A-398A3E6A8B59}.Release|Any CPU.ActiveCfg = Release|Any CPU
		{3819564C-D649-4319-8E5A-398A3E6A8B59}.Release|Any CPU.Build.0 = Release|Any CPU
		{994FE706-3913-45B7-9BAC-56767D437333}.Debug|Any CPU.ActiveCfg = Debug|Any CPU
		{994FE706-3913-45B7-9BAC-56767D437333}.Debug|Any CPU.Build.0 = Debug|Any CPU
		{994FE706-3913-45B7-9BAC-56767D437333}.Release|Any CPU.ActiveCfg = Release|Any CPU
		{994FE706-3913-45B7-9BAC-56767D437333}.Release|Any CPU.Build.0 = Release|Any CPU
		{28B19183-5F11-4491-97F5-0879C97F04EE}.Debug|Any CPU.ActiveCfg = Debug|Any CPU
		{28B19183-5F11-4491-97F5-0879C97F04EE}.Debug|Any CPU.Build.0 = Debug|Any CPU
		{28B19183-5F11-4491-97F5-0879C97F04EE}.Release|Any CPU.ActiveCfg = Release|Any CPU
		{28B19183-5F11-4491-97F5-0879C97F04EE}.Release|Any CPU.Build.0 = Release|Any CPU
	EndGlobalSection
	GlobalSection(SolutionProperties) = preSolution
		HideSolutionNode = FALSE
	EndGlobalSection
	GlobalSection(ExtensibilityGlobals) = postSolution
		SolutionGuid = {1F3935C8-0F5E-45BB-9D44-36FF8283DD3B}
	EndGlobalSection
EndGlobal
